
Microsoft Visual Studio Solution File, Format Version 12.00
# Visual Studio Version 17
VisualStudioVersion = 17.12.35527.113
MinimumVisualStudioVersion = 10.0.40219.1
Project("{FAE04EC0-301F-11D3-BF4B-00C04F79EFBC}") = "GestaoDeProdutos.Services.Api", "GestaoDeProdutos.Services.Api\GestaoDeProdutos.Services.Api.csproj", "{056FDEBD-8D3D-448A-A379-6B354898A798}"
EndProject
Project("{2150E333-8FDC-42A3-9474-1A3956D46DE8}") = "API REST", "API REST", "{BA952941-92A8-4AD0-B9D6-1F893F4AAECD}"
EndProject
Project("{2150E333-8FDC-42A3-9474-1A3956D46DE8}") = "DDD - Domain Driven Design", "DDD - Domain Driven Design", "{2CAA2196-3B2D-4419-97F7-C64760FB0C2B}"
EndProject
Project("{2150E333-8FDC-42A3-9474-1A3956D46DE8}") = "1 - Application", "1 - Application", "{2333BD48-8F2A-4614-9258-DCFEF6BA8BB5}"
EndProject
Project("{2150E333-8FDC-42A3-9474-1A3956D46DE8}") = "2 - Domain", "2 - Domain", "{2F219D46-3C79-460B-873E-CDEDBA8FC352}"
EndProject
Project("{2150E333-8FDC-42A3-9474-1A3956D46DE8}") = "3 - InfraStructure", "3 - InfraStructure", "{D61F6645-B113-44AE-B597-C9257374A64D}"
EndProject
Project("{2150E333-8FDC-42A3-9474-1A3956D46DE8}") = "TDD - Test Driven Development", "TDD - Test Driven Development", "{15C2AE09-D180-48E8-AE7D-28DC4AC05936}"
EndProject
Project("{2150E333-8FDC-42A3-9474-1A3956D46DE8}") = "1 - Testes de Integração", "1 - Testes de Integração", "{946600DD-E28E-4DFF-9AC3-29B5DA854E27}"
EndProject
Project("{2150E333-8FDC-42A3-9474-1A3956D46DE8}") = "2 - Testes Unitários", "2 - Testes Unitários", "{AE64C268-3AFB-4920-A374-716E56C270CE}"
EndProject
Project("{FAE04EC0-301F-11D3-BF4B-00C04F79EFBC}") = "Domain.Core", "Domain.Core\Domain.Core.csproj", "{9490192E-B3BC-4D5B-88EF-3B587B82C5A8}"
EndProject
Global
	GlobalSection(SolutionConfigurationPlatforms) = preSolution
		Debug|Any CPU = Debug|Any CPU
		Release|Any CPU = Release|Any CPU
	EndGlobalSection
	GlobalSection(ProjectConfigurationPlatforms) = postSolution
		{056FDEBD-8D3D-448A-A379-6B354898A798}.Debug|Any CPU.ActiveCfg = Debug|Any CPU
		{056FDEBD-8D3D-448A-A379-6B354898A798}.Debug|Any CPU.Build.0 = Debug|Any CPU
		{056FDEBD-8D3D-448A-A379-6B354898A798}.Release|Any CPU.ActiveCfg = Release|Any CPU
		{056FDEBD-8D3D-448A-A379-6B354898A798}.Release|Any CPU.Build.0 = Release|Any CPU
		{9490192E-B3BC-4D5B-88EF-3B587B82C5A8}.Debug|Any CPU.ActiveCfg = Debug|Any CPU
		{9490192E-B3BC-4D5B-88EF-3B587B82C5A8}.Debug|Any CPU.Build.0 = Debug|Any CPU
		{9490192E-B3BC-4D5B-88EF-3B587B82C5A8}.Release|Any CPU.ActiveCfg = Release|Any CPU
		{9490192E-B3BC-4D5B-88EF-3B587B82C5A8}.Release|Any CPU.Build.0 = Release|Any CPU
	EndGlobalSection
	GlobalSection(SolutionProperties) = preSolution
		HideSolutionNode = FALSE
	EndGlobalSection
	GlobalSection(NestedProjects) = preSolution
		{056FDEBD-8D3D-448A-A379-6B354898A798} = {BA952941-92A8-4AD0-B9D6-1F893F4AAECD}
		{2333BD48-8F2A-4614-9258-DCFEF6BA8BB5} = {2CAA2196-3B2D-4419-97F7-C64760FB0C2B}
		{2F219D46-3C79-460B-873E-CDEDBA8FC352} = {2CAA2196-3B2D-4419-97F7-C64760FB0C2B}
		{D61F6645-B113-44AE-B597-C9257374A64D} = {2CAA2196-3B2D-4419-97F7-C64760FB0C2B}
		{946600DD-E28E-4DFF-9AC3-29B5DA854E27} = {15C2AE09-D180-48E8-AE7D-28DC4AC05936}
		{AE64C268-3AFB-4920-A374-716E56C270CE} = {15C2AE09-D180-48E8-AE7D-28DC4AC05936}
		{9490192E-B3BC-4D5B-88EF-3B587B82C5A8} = {2F219D46-3C79-460B-873E-CDEDBA8FC352}
	EndGlobalSection
EndGlobal
